
Microsoft Visual Studio Solution File, Format Version 12.00
# Visual Studio 14
VisualStudioVersion = 14.0.25420.1
MinimumVisualStudioVersion = 10.0.40219.1
Project("{FAE04EC0-301F-11D3-BF4B-00C04F79EFBC}") = "AdjusterApp.Android", "AdjusterApp\AdjusterApp.Android\AdjusterApp.Android.csproj", "{F7CC5F26-1D87-43D6-A237-A62B85D40A9D}"
EndProject
Project("{FAE04EC0-301F-11D3-BF4B-00C04F79EFBC}") = "AdjusterApp", "AdjusterApp\AdjusterApp\AdjusterApp.csproj", "{1BF58FA7-2879-48C0-BD43-E7445A7879DC}"
EndProject
Project("{FAE04EC0-301F-11D3-BF4B-00C04F79EFBC}") = "AdjusterApp.iOS", "AdjusterApp\AdjusterApp.iOS\AdjusterApp.iOS.csproj", "{803AD4C0-2926-4CBC-BF7D-1791DB63282A}"
EndProject
Global
	GlobalSection(SolutionConfigurationPlatforms) = preSolution
		Ad-Hoc|Any CPU = Ad-Hoc|Any CPU
		Ad-Hoc|ARM = Ad-Hoc|ARM
		Ad-Hoc|iPhone = Ad-Hoc|iPhone
		Ad-Hoc|iPhoneSimulator = Ad-Hoc|iPhoneSimulator
		Ad-Hoc|x64 = Ad-Hoc|x64
		Ad-Hoc|x86 = Ad-Hoc|x86
		AppStore|Any CPU = AppStore|Any CPU
		AppStore|ARM = AppStore|ARM
		AppStore|iPhone = AppStore|iPhone
		AppStore|iPhoneSimulator = AppStore|iPhoneSimulator
		AppStore|x64 = AppStore|x64
		AppStore|x86 = AppStore|x86
		Debug|Any CPU = Debug|Any CPU
		Debug|ARM = Debug|ARM
		Debug|iPhone = Debug|iPhone
		Debug|iPhoneSimulator = Debug|iPhoneSimulator
		Debug|x64 = Debug|x64
		Debug|x86 = Debug|x86
		Release|Any CPU = Release|Any CPU
		Release|ARM = Release|ARM
		Release|iPhone = Release|iPhone
		Release|iPhoneSimulator = Release|iPhoneSimulator
		Release|x64 = Release|x64
		Release|x86 = Release|x86
	EndGlobalSection
	GlobalSection(ProjectConfigurationPlatforms) = postSolution
		{F7CC5F26-1D87-43D6-A237-A62B85D40A9D}.Ad-Hoc|Any CPU.ActiveCfg = Release|Any CPU
		{F7CC5F26-1D87-43D6-A237-A62B85D40A9D}.Ad-Hoc|Any CPU.Build.0 = Release|Any CPU
		{F7CC5F26-1D87-43D6-A237-A62B85D40A9D}.Ad-Hoc|Any CPU.Deploy.0 = Release|Any CPU
		{F7CC5F26-1D87-43D6-A237-A62B85D40A9D}.Ad-Hoc|ARM.ActiveCfg = Release|Any CPU
		{F7CC5F26-1D87-43D6-A237-A62B85D40A9D}.Ad-Hoc|ARM.Build.0 = Release|Any CPU
		{F7CC5F26-1D87-43D6-A237-A62B85D40A9D}.Ad-Hoc|ARM.Deploy.0 = Release|Any CPU
		{F7CC5F26-1D87-43D6-A237-A62B85D40A9D}.Ad-Hoc|iPhone.ActiveCfg = Release|Any CPU
		{F7CC5F26-1D87-43D6-A237-A62B85D40A9D}.Ad-Hoc|iPhone.Build.0 = Release|Any CPU
		{F7CC5F26-1D87-43D6-A237-A62B85D40A9D}.Ad-Hoc|iPhone.Deploy.0 = Release|Any CPU
		{F7CC5F26-1D87-43D6-A237-A62B85D40A9D}.Ad-Hoc|iPhoneSimulator.ActiveCfg = Release|Any CPU
		{F7CC5F26-1D87-43D6-A237-A62B85D40A9D}.Ad-Hoc|iPhoneSimulator.Build.0 = Release|Any CPU
		{F7CC5F26-1D87-43D6-A237-A62B85D40A9D}.Ad-Hoc|iPhoneSimulator.Deploy.0 = Release|Any CPU
		{F7CC5F26-1D87-43D6-A237-A62B85D40A9D}.Ad-Hoc|x64.ActiveCfg = Release|Any CPU
		{F7CC5F26-1D87-43D6-A237-A62B85D40A9D}.Ad-Hoc|x64.Build.0 = Release|Any CPU
		{F7CC5F26-1D87-43D6-A237-A62B85D40A9D}.Ad-Hoc|x64.Deploy.0 = Release|Any CPU
		{F7CC5F26-1D87-43D6-A237-A62B85D40A9D}.Ad-Hoc|x86.ActiveCfg = Release|Any CPU
		{F7CC5F26-1D87-43D6-A237-A62B85D40A9D}.Ad-Hoc|x86.Build.0 = Release|Any CPU
		{F7CC5F26-1D87-43D6-A237-A62B85D40A9D}.Ad-Hoc|x86.Deploy.0 = Release|Any CPU
		{F7CC5F26-1D87-43D6-A237-A62B85D40A9D}.AppStore|Any CPU.ActiveCfg = Release|Any CPU
		{F7CC5F26-1D87-43D6-A237-A62B85D40A9D}.AppStore|Any CPU.Build.0 = Release|Any CPU
		{F7CC5F26-1D87-43D6-A237-A62B85D40A9D}.AppStore|Any CPU.Deploy.0 = Release|Any CPU
		{F7CC5F26-1D87-43D6-A237-A62B85D40A9D}.AppStore|ARM.ActiveCfg = Release|Any CPU
		{F7CC5F26-1D87-43D6-A237-A62B85D40A9D}.AppStore|ARM.Build.0 = Release|Any CPU
		{F7CC5F26-1D87-43D6-A237-A62B85D40A9D}.AppStore|ARM.Deploy.0 = Release|Any CPU
		{F7CC5F26-1D87-43D6-A237-A62B85D40A9D}.AppStore|iPhone.ActiveCfg = Release|Any CPU
		{F7CC5F26-1D87-43D6-A237-A62B85D40A9D}.AppStore|iPhone.Build.0 = Release|Any CPU
		{F7CC5F26-1D87-43D6-A237-A62B85D40A9D}.AppStore|iPhone.Deploy.0 = Release|Any CPU
		{F7CC5F26-1D87-43D6-A237-A62B85D40A9D}.AppStore|iPhoneSimulator.ActiveCfg = Release|Any CPU
		{F7CC5F26-1D87-43D6-A237-A62B85D40A9D}.AppStore|iPhoneSimulator.Build.0 = Release|Any CPU
		{F7CC5F26-1D87-43D6-A237-A62B85D40A9D}.AppStore|iPhoneSimulator.Deploy.0 = Release|Any CPU
		{F7CC5F26-1D87-43D6-A237-A62B85D40A9D}.AppStore|x64.ActiveCfg = Release|Any CPU
		{F7CC5F26-1D87-43D6-A237-A62B85D40A9D}.AppStore|x64.Build.0 = Release|Any CPU
		{F7CC5F26-1D87-43D6-A237-A62B85D40A9D}.AppStore|x64.Deploy.0 = Release|Any CPU
		{F7CC5F26-1D87-43D6-A237-A62B85D40A9D}.AppStore|x86.ActiveCfg = Release|Any CPU
		{F7CC5F26-1D87-43D6-A237-A62B85D40A9D}.AppStore|x86.Build.0 = Release|Any CPU
		{F7CC5F26-1D87-43D6-A237-A62B85D40A9D}.AppStore|x86.Deploy.0 = Release|Any CPU
		{F7CC5F26-1D87-43D6-A237-A62B85D40A9D}.Debug|Any CPU.ActiveCfg = Debug|Any CPU
		{F7CC5F26-1D87-43D6-A237-A62B85D40A9D}.Debug|Any CPU.Build.0 = Debug|Any CPU
		{F7CC5F26-1D87-43D6-A237-A62B85D40A9D}.Debug|Any CPU.Deploy.0 = Debug|Any CPU
		{F7CC5F26-1D87-43D6-A237-A62B85D40A9D}.Debug|ARM.ActiveCfg = Debug|Any CPU
		{F7CC5F26-1D87-43D6-A237-A62B85D40A9D}.Debug|ARM.Build.0 = Debug|Any CPU
		{F7CC5F26-1D87-43D6-A237-A62B85D40A9D}.Debug|ARM.Deploy.0 = Debug|Any CPU
		{F7CC5F26-1D87-43D6-A237-A62B85D40A9D}.Debug|iPhone.ActiveCfg = Debug|Any CPU
		{F7CC5F26-1D87-43D6-A237-A62B85D40A9D}.Debug|iPhone.Build.0 = Debug|Any CPU
		{F7CC5F26-1D87-43D6-A237-A62B85D40A9D}.Debug|iPhone.Deploy.0 = Debug|Any CPU
		{F7CC5F26-1D87-43D6-A237-A62B85D40A9D}.Debug|iPhoneSimulator.ActiveCfg = Debug|Any CPU
		{F7CC5F26-1D87-43D6-A237-A62B85D40A9D}.Debug|iPhoneSimulator.Build.0 = Debug|Any CPU
		{F7CC5F26-1D87-43D6-A237-A62B85D40A9D}.Debug|iPhoneSimulator.Deploy.0 = Debug|Any CPU
		{F7CC5F26-1D87-43D6-A237-A62B85D40A9D}.Debug|x64.ActiveCfg = Debug|Any CPU
		{F7CC5F26-1D87-43D6-A237-A62B85D40A9D}.Debug|x64.Build.0 = Debug|Any CPU
		{F7CC5F26-1D87-43D6-A237-A62B85D40A9D}.Debug|x64.Deploy.0 = Debug|Any CPU
		{F7CC5F26-1D87-43D6-A237-A62B85D40A9D}.Debug|x86.ActiveCfg = Debug|Any CPU
		{F7CC5F26-1D87-43D6-A237-A62B85D40A9D}.Debug|x86.Build.0 = Debug|Any CPU
		{F7CC5F26-1D87-43D6-A237-A62B85D40A9D}.Debug|x86.Deploy.0 = Debug|Any CPU
		{F7CC5F26-1D87-43D6-A237-A62B85D40A9D}.Release|Any CPU.ActiveCfg = Release|Any CPU
		{F7CC5F26-1D87-43D6-A237-A62B85D40A9D}.Release|Any CPU.Build.0 = Release|Any CPU
		{F7CC5F26-1D87-43D6-A237-A62B85D40A9D}.Release|Any CPU.Deploy.0 = Release|Any CPU
		{F7CC5F26-1D87-43D6-A237-A62B85D40A9D}.Release|ARM.ActiveCfg = Release|Any CPU
		{F7CC5F26-1D87-43D6-A237-A62B85D40A9D}.Release|ARM.Build.0 = Release|Any CPU
		{F7CC5F26-1D87-43D6-A237-A62B85D40A9D}.Release|ARM.Deploy.0 = Release|Any CPU
		{F7CC5F26-1D87-43D6-A237-A62B85D40A9D}.Release|iPhone.ActiveCfg = Release|Any CPU
		{F7CC5F26-1D87-43D6-A237-A62B85D40A9D}.Release|iPhone.Build.0 = Release|Any CPU
		{F7CC5F26-1D87-43D6-A237-A62B85D40A9D}.Release|iPhone.Deploy.0 = Release|Any CPU
		{F7CC5F26-1D87-43D6-A237-A62B85D40A9D}.Release|iPhoneSimulator.ActiveCfg = Release|Any CPU
		{F7CC5F26-1D87-43D6-A237-A62B85D40A9D}.Release|iPhoneSimulator.Build.0 = Release|Any CPU
		{F7CC5F26-1D87-43D6-A237-A62B85D40A9D}.Release|iPhoneSimulator.Deploy.0 = Release|Any CPU
		{F7CC5F26-1D87-43D6-A237-A62B85D40A9D}.Release|x64.ActiveCfg = Release|Any CPU
		{F7CC5F26-1D87-43D6-A237-A62B85D40A9D}.Release|x64.Build.0 = Release|Any CPU
		{F7CC5F26-1D87-43D6-A237-A62B85D40A9D}.Release|x64.Deploy.0 = Release|Any CPU
		{F7CC5F26-1D87-43D6-A237-A62B85D40A9D}.Release|x86.ActiveCfg = Release|Any CPU
		{F7CC5F26-1D87-43D6-A237-A62B85D40A9D}.Release|x86.Build.0 = Release|Any CPU
		{F7CC5F26-1D87-43D6-A237-A62B85D40A9D}.Release|x86.Deploy.0 = Release|Any CPU
		{1BF58FA7-2879-48C0-BD43-E7445A7879DC}.Ad-Hoc|Any CPU.ActiveCfg = Release|Any CPU
		{1BF58FA7-2879-48C0-BD43-E7445A7879DC}.Ad-Hoc|Any CPU.Build.0 = Release|Any CPU
		{1BF58FA7-2879-48C0-BD43-E7445A7879DC}.Ad-Hoc|Any CPU.Deploy.0 = Release|Any CPU
		{1BF58FA7-2879-48C0-BD43-E7445A7879DC}.Ad-Hoc|ARM.ActiveCfg = Release|Any CPU
		{1BF58FA7-2879-48C0-BD43-E7445A7879DC}.Ad-Hoc|ARM.Build.0 = Release|Any CPU
		{1BF58FA7-2879-48C0-BD43-E7445A7879DC}.Ad-Hoc|ARM.Deploy.0 = Release|Any CPU
		{1BF58FA7-2879-48C0-BD43-E7445A7879DC}.Ad-Hoc|iPhone.ActiveCfg = Release|Any CPU
		{1BF58FA7-2879-48C0-BD43-E7445A7879DC}.Ad-Hoc|iPhone.Build.0 = Release|Any CPU
		{1BF58FA7-2879-48C0-BD43-E7445A7879DC}.Ad-Hoc|iPhone.Deploy.0 = Release|Any CPU
		{1BF58FA7-2879-48C0-BD43-E7445A7879DC}.Ad-Hoc|iPhoneSimulator.ActiveCfg = Release|Any CPU
		{1BF58FA7-2879-48C0-BD43-E7445A7879DC}.Ad-Hoc|iPhoneSimulator.Build.0 = Release|Any CPU
		{1BF58FA7-2879-48C0-BD43-E7445A7879DC}.Ad-Hoc|iPhoneSimulator.Deploy.0 = Release|Any CPU
		{1BF58FA7-2879-48C0-BD43-E7445A7879DC}.Ad-Hoc|x64.ActiveCfg = Release|Any CPU
		{1BF58FA7-2879-48C0-BD43-E7445A7879DC}.Ad-Hoc|x64.Build.0 = Release|Any CPU
		{1BF58FA7-2879-48C0-BD43-E7445A7879DC}.Ad-Hoc|x64.Deploy.0 = Release|Any CPU
		{1BF58FA7-2879-48C0-BD43-E7445A7879DC}.Ad-Hoc|x86.ActiveCfg = Release|Any CPU
		{1BF58FA7-2879-48C0-BD43-E7445A7879DC}.Ad-Hoc|x86.Build.0 = Release|Any CPU
		{1BF58FA7-2879-48C0-BD43-E7445A7879DC}.Ad-Hoc|x86.Deploy.0 = Release|Any CPU
		{1BF58FA7-2879-48C0-BD43-E7445A7879DC}.AppStore|Any CPU.ActiveCfg = Release|Any CPU
		{1BF58FA7-2879-48C0-BD43-E7445A7879DC}.AppStore|Any CPU.Build.0 = Release|Any CPU
		{1BF58FA7-2879-48C0-BD43-E7445A7879DC}.AppStore|Any CPU.Deploy.0 = Release|Any CPU
		{1BF58FA7-2879-48C0-BD43-E7445A7879DC}.AppStore|ARM.ActiveCfg = Release|Any CPU
		{1BF58FA7-2879-48C0-BD43-E7445A7879DC}.AppStore|ARM.Build.0 = Release|Any CPU
		{1BF58FA7-2879-48C0-BD43-E7445A7879DC}.AppStore|ARM.Deploy.0 = Release|Any CPU
		{1BF58FA7-2879-48C0-BD43-E7445A7879DC}.AppStore|iPhone.ActiveCfg = Release|Any CPU
		{1BF58FA7-2879-48C0-BD43-E7445A7879DC}.AppStore|iPhone.Build.0 = Release|Any CPU
		{1BF58FA7-2879-48C0-BD43-E7445A7879DC}.AppStore|iPhone.Deploy.0 = Release|Any CPU
		{1BF58FA7-2879-48C0-BD43-E7445A7879DC}.AppStore|iPhoneSimulator.ActiveCfg = Release|Any CPU
		{1BF58FA7-2879-48C0-BD43-E7445A7879DC}.AppStore|iPhoneSimulator.Build.0 = Release|Any CPU
		{1BF58FA7-2879-48C0-BD43-E7445A7879DC}.AppStore|iPhoneSimulator.Deploy.0 = Release|Any CPU
		{1BF58FA7-2879-48C0-BD43-E7445A7879DC}.AppStore|x64.ActiveCfg = Release|Any CPU
		{1BF58FA7-2879-48C0-BD43-E7445A7879DC}.AppStore|x64.Build.0 = Release|Any CPU
		{1BF58FA7-2879-48C0-BD43-E7445A7879DC}.AppStore|x64.Deploy.0 = Release|Any CPU
		{1BF58FA7-2879-48C0-BD43-E7445A7879DC}.AppStore|x86.ActiveCfg = Release|Any CPU
		{1BF58FA7-2879-48C0-BD43-E7445A7879DC}.AppStore|x86.Build.0 = Release|Any CPU
		{1BF58FA7-2879-48C0-BD43-E7445A7879DC}.AppStore|x86.Deploy.0 = Release|Any CPU
		{1BF58FA7-2879-48C0-BD43-E7445A7879DC}.Debug|Any CPU.ActiveCfg = Debug|Any CPU
		{1BF58FA7-2879-48C0-BD43-E7445A7879DC}.Debug|Any CPU.Build.0 = Debug|Any CPU
		{1BF58FA7-2879-48C0-BD43-E7445A7879DC}.Debug|Any CPU.Deploy.0 = Debug|Any CPU
		{1BF58FA7-2879-48C0-BD43-E7445A7879DC}.Debug|ARM.ActiveCfg = Debug|Any CPU
		{1BF58FA7-2879-48C0-BD43-E7445A7879DC}.Debug|ARM.Build.0 = Debug|Any CPU
		{1BF58FA7-2879-48C0-BD43-E7445A7879DC}.Debug|ARM.Deploy.0 = Debug|Any CPU
		{1BF58FA7-2879-48C0-BD43-E7445A7879DC}.Debug|iPhone.ActiveCfg = Debug|Any CPU
		{1BF58FA7-2879-48C0-BD43-E7445A7879DC}.Debug|iPhone.Build.0 = Debug|Any CPU
		{1BF58FA7-2879-48C0-BD43-E7445A7879DC}.Debug|iPhone.Deploy.0 = Debug|Any CPU
		{1BF58FA7-2879-48C0-BD43-E7445A7879DC}.Debug|iPhoneSimulator.ActiveCfg = Debug|Any CPU
		{1BF58FA7-2879-48C0-BD43-E7445A7879DC}.Debug|iPhoneSimulator.Build.0 = Debug|Any CPU
		{1BF58FA7-2879-48C0-BD43-E7445A7879DC}.Debug|iPhoneSimulator.Deploy.0 = Debug|Any CPU
		{1BF58FA7-2879-48C0-BD43-E7445A7879DC}.Debug|x64.ActiveCfg = Debug|Any CPU
		{1BF58FA7-2879-48C0-BD43-E7445A7879DC}.Debug|x64.Build.0 = Debug|Any CPU
		{1BF58FA7-2879-48C0-BD43-E7445A7879DC}.Debug|x64.Deploy.0 = Debug|Any CPU
		{1BF58FA7-2879-48C0-BD43-E7445A7879DC}.Debug|x86.ActiveCfg = Debug|Any CPU
		{1BF58FA7-2879-48C0-BD43-E7445A7879DC}.Debug|x86.Build.0 = Debug|Any CPU
		{1BF58FA7-2879-48C0-BD43-E7445A7879DC}.Debug|x86.Deploy.0 = Debug|Any CPU
		{1BF58FA7-2879-48C0-BD43-E7445A7879DC}.Release|Any CPU.ActiveCfg = Release|Any CPU
		{1BF58FA7-2879-48C0-BD43-E7445A7879DC}.Release|Any CPU.Build.0 = Release|Any CPU
		{1BF58FA7-2879-48C0-BD43-E7445A7879DC}.Release|Any CPU.Deploy.0 = Release|Any CPU
		{1BF58FA7-2879-48C0-BD43-E7445A7879DC}.Release|ARM.ActiveCfg = Release|Any CPU
		{1BF58FA7-2879-48C0-BD43-E7445A7879DC}.Release|ARM.Build.0 = Release|Any CPU
		{1BF58FA7-2879-48C0-BD43-E7445A7879DC}.Release|ARM.Deploy.0 = Release|Any CPU
		{1BF58FA7-2879-48C0-BD43-E7445A7879DC}.Release|iPhone.ActiveCfg = Release|Any CPU
		{1BF58FA7-2879-48C0-BD43-E7445A7879DC}.Release|iPhone.Build.0 = Release|Any CPU
		{1BF58FA7-2879-48C0-BD43-E7445A7879DC}.Release|iPhone.Deploy.0 = Release|Any CPU
		{1BF58FA7-2879-48C0-BD43-E7445A7879DC}.Release|iPhoneSimulator.ActiveCfg = Release|Any CPU
		{1BF58FA7-2879-48C0-BD43-E7445A7879DC}.Release|iPhoneSimulator.Build.0 = Release|Any CPU
		{1BF58FA7-2879-48C0-BD43-E7445A7879DC}.Release|iPhoneSimulator.Deploy.0 = Release|Any CPU
		{1BF58FA7-2879-48C0-BD43-E7445A7879DC}.Release|x64.ActiveCfg = Release|Any CPU
		{1BF58FA7-2879-48C0-BD43-E7445A7879DC}.Release|x64.Build.0 = Release|Any CPU
		{1BF58FA7-2879-48C0-BD43-E7445A7879DC}.Release|x64.Deploy.0 = Release|Any CPU
		{1BF58FA7-2879-48C0-BD43-E7445A7879DC}.Release|x86.ActiveCfg = Release|Any CPU
		{1BF58FA7-2879-48C0-BD43-E7445A7879DC}.Release|x86.Build.0 = Release|Any CPU
		{1BF58FA7-2879-48C0-BD43-E7445A7879DC}.Release|x86.Deploy.0 = Release|Any CPU
		{803AD4C0-2926-4CBC-BF7D-1791DB63282A}.Ad-Hoc|Any CPU.ActiveCfg = Ad-Hoc|iPhone
		{803AD4C0-2926-4CBC-BF7D-1791DB63282A}.Ad-Hoc|Any CPU.Build.0 = Ad-Hoc|iPhone
		{803AD4C0-2926-4CBC-BF7D-1791DB63282A}.Ad-Hoc|Any CPU.Deploy.0 = Ad-Hoc|iPhone
		{803AD4C0-2926-4CBC-BF7D-1791DB63282A}.Ad-Hoc|ARM.ActiveCfg = Ad-Hoc|iPhone
		{803AD4C0-2926-4CBC-BF7D-1791DB63282A}.Ad-Hoc|ARM.Build.0 = Ad-Hoc|iPhone
		{803AD4C0-2926-4CBC-BF7D-1791DB63282A}.Ad-Hoc|ARM.Deploy.0 = Ad-Hoc|iPhone
		{803AD4C0-2926-4CBC-BF7D-1791DB63282A}.Ad-Hoc|iPhone.ActiveCfg = Ad-Hoc|iPhone
		{803AD4C0-2926-4CBC-BF7D-1791DB63282A}.Ad-Hoc|iPhone.Build.0 = Ad-Hoc|iPhone
		{803AD4C0-2926-4CBC-BF7D-1791DB63282A}.Ad-Hoc|iPhone.Deploy.0 = Ad-Hoc|iPhone
		{803AD4C0-2926-4CBC-BF7D-1791DB63282A}.Ad-Hoc|iPhoneSimulator.ActiveCfg = Ad-Hoc|iPhoneSimulator
		{803AD4C0-2926-4CBC-BF7D-1791DB63282A}.Ad-Hoc|iPhoneSimulator.Build.0 = Ad-Hoc|iPhoneSimulator
		{803AD4C0-2926-4CBC-BF7D-1791DB63282A}.Ad-Hoc|iPhoneSimulator.Deploy.0 = Ad-Hoc|iPhoneSimulator
		{803AD4C0-2926-4CBC-BF7D-1791DB63282A}.Ad-Hoc|x64.ActiveCfg = Ad-Hoc|iPhone
		{803AD4C0-2926-4CBC-BF7D-1791DB63282A}.Ad-Hoc|x64.Build.0 = Ad-Hoc|iPhone
		{803AD4C0-2926-4CBC-BF7D-1791DB63282A}.Ad-Hoc|x64.Deploy.0 = Ad-Hoc|iPhone
		{803AD4C0-2926-4CBC-BF7D-1791DB63282A}.Ad-Hoc|x86.ActiveCfg = Ad-Hoc|iPhone
		{803AD4C0-2926-4CBC-BF7D-1791DB63282A}.Ad-Hoc|x86.Build.0 = Ad-Hoc|iPhone
		{803AD4C0-2926-4CBC-BF7D-1791DB63282A}.Ad-Hoc|x86.Deploy.0 = Ad-Hoc|iPhone
		{803AD4C0-2926-4CBC-BF7D-1791DB63282A}.AppStore|Any CPU.ActiveCfg = AppStore|iPhone
		{803AD4C0-2926-4CBC-BF7D-1791DB63282A}.AppStore|Any CPU.Build.0 = AppStore|iPhone
		{803AD4C0-2926-4CBC-BF7D-1791DB63282A}.AppStore|Any CPU.Deploy.0 = AppStore|iPhone
		{803AD4C0-2926-4CBC-BF7D-1791DB63282A}.AppStore|ARM.ActiveCfg = AppStore|iPhone
		{803AD4C0-2926-4CBC-BF7D-1791DB63282A}.AppStore|ARM.Build.0 = AppStore|iPhone
		{803AD4C0-2926-4CBC-BF7D-1791DB63282A}.AppStore|ARM.Deploy.0 = AppStore|iPhone
		{803AD4C0-2926-4CBC-BF7D-1791DB63282A}.AppStore|iPhone.ActiveCfg = AppStore|iPhone
		{803AD4C0-2926-4CBC-BF7D-1791DB63282A}.AppStore|iPhone.Build.0 = AppStore|iPhone
		{803AD4C0-2926-4CBC-BF7D-1791DB63282A}.AppStore|iPhone.Deploy.0 = AppStore|iPhone
		{803AD4C0-2926-4CBC-BF7D-1791DB63282A}.AppStore|iPhoneSimulator.ActiveCfg = AppStore|iPhoneSimulator
		{803AD4C0-2926-4CBC-BF7D-1791DB63282A}.AppStore|iPhoneSimulator.Build.0 = AppStore|iPhoneSimulator
		{803AD4C0-2926-4CBC-BF7D-1791DB63282A}.AppStore|iPhoneSimulator.Deploy.0 = AppStore|iPhoneSimulator
		{803AD4C0-2926-4CBC-BF7D-1791DB63282A}.AppStore|x64.ActiveCfg = AppStore|iPhone
		{803AD4C0-2926-4CBC-BF7D-1791DB63282A}.AppStore|x64.Build.0 = AppStore|iPhone
		{803AD4C0-2926-4CBC-BF7D-1791DB63282A}.AppStore|x64.Deploy.0 = AppStore|iPhone
		{803AD4C0-2926-4CBC-BF7D-1791DB63282A}.AppStore|x86.ActiveCfg = AppStore|iPhone
		{803AD4C0-2926-4CBC-BF7D-1791DB63282A}.AppStore|x86.Build.0 = AppStore|iPhone
		{803AD4C0-2926-4CBC-BF7D-1791DB63282A}.AppStore|x86.Deploy.0 = AppStore|iPhone
		{803AD4C0-2926-4CBC-BF7D-1791DB63282A}.Debug|Any CPU.ActiveCfg = Debug|iPhoneSimulator
		{803AD4C0-2926-4CBC-BF7D-1791DB63282A}.Debug|Any CPU.Build.0 = Debug|iPhoneSimulator
		{803AD4C0-2926-4CBC-BF7D-1791DB63282A}.Debug|Any CPU.Deploy.0 = Debug|iPhoneSimulator
		{803AD4C0-2926-4CBC-BF7D-1791DB63282A}.Debug|ARM.ActiveCfg = Debug|iPhone
		{803AD4C0-2926-4CBC-BF7D-1791DB63282A}.Debug|ARM.Build.0 = Debug|iPhone
		{803AD4C0-2926-4CBC-BF7D-1791DB63282A}.Debug|ARM.Deploy.0 = Debug|iPhone
		{803AD4C0-2926-4CBC-BF7D-1791DB63282A}.Debug|iPhone.ActiveCfg = Debug|iPhone
		{803AD4C0-2926-4CBC-BF7D-1791DB63282A}.Debug|iPhone.Build.0 = Debug|iPhone
		{803AD4C0-2926-4CBC-BF7D-1791DB63282A}.Debug|iPhone.Deploy.0 = Debug|iPhone
		{803AD4C0-2926-4CBC-BF7D-1791DB63282A}.Debug|iPhoneSimulator.ActiveCfg = Debug|iPhoneSimulator
		{803AD4C0-2926-4CBC-BF7D-1791DB63282A}.Debug|iPhoneSimulator.Build.0 = Debug|iPhoneSimulator
		{803AD4C0-2926-4CBC-BF7D-1791DB63282A}.Debug|iPhoneSimulator.Deploy.0 = Debug|iPhoneSimulator
		{803AD4C0-2926-4CBC-BF7D-1791DB63282A}.Debug|x64.ActiveCfg = Debug|iPhone
		{803AD4C0-2926-4CBC-BF7D-1791DB63282A}.Debug|x64.Build.0 = Debug|iPhone
		{803AD4C0-2926-4CBC-BF7D-1791DB63282A}.Debug|x64.Deploy.0 = Debug|iPhone
		{803AD4C0-2926-4CBC-BF7D-1791DB63282A}.Debug|x86.ActiveCfg = Debug|iPhone
		{803AD4C0-2926-4CBC-BF7D-1791DB63282A}.Debug|x86.Build.0 = Debug|iPhone
		{803AD4C0-2926-4CBC-BF7D-1791DB63282A}.Debug|x86.Deploy.0 = Debug|iPhone
		{803AD4C0-2926-4CBC-BF7D-1791DB63282A}.Release|Any CPU.ActiveCfg = Release|iPhone
		{803AD4C0-2926-4CBC-BF7D-1791DB63282A}.Release|Any CPU.Build.0 = Release|iPhone
		{803AD4C0-2926-4CBC-BF7D-1791DB63282A}.Release|Any CPU.Deploy.0 = Release|iPhone
		{803AD4C0-2926-4CBC-BF7D-1791DB63282A}.Release|ARM.ActiveCfg = Release|iPhone
		{803AD4C0-2926-4CBC-BF7D-1791DB63282A}.Release|ARM.Build.0 = Release|iPhone
		{803AD4C0-2926-4CBC-BF7D-1791DB63282A}.Release|ARM.Deploy.0 = Release|iPhone
		{803AD4C0-2926-4CBC-BF7D-1791DB63282A}.Release|iPhone.ActiveCfg = Release|iPhone
		{803AD4C0-2926-4CBC-BF7D-1791DB63282A}.Release|iPhone.Build.0 = Release|iPhone
		{803AD4C0-2926-4CBC-BF7D-1791DB63282A}.Release|iPhone.Deploy.0 = Release|iPhone
		{803AD4C0-2926-4CBC-BF7D-1791DB63282A}.Release|iPhoneSimulator.ActiveCfg = Release|iPhoneSimulator
		{803AD4C0-2926-4CBC-BF7D-1791DB63282A}.Release|iPhoneSimulator.Build.0 = Release|iPhoneSimulator
		{803AD4C0-2926-4CBC-BF7D-1791DB63282A}.Release|iPhoneSimulator.Deploy.0 = Release|iPhoneSimulator
		{803AD4C0-2926-4CBC-BF7D-1791DB63282A}.Release|x64.ActiveCfg = Release|iPhone
		{803AD4C0-2926-4CBC-BF7D-1791DB63282A}.Release|x64.Build.0 = Release|iPhone
		{803AD4C0-2926-4CBC-BF7D-1791DB63282A}.Release|x64.Deploy.0 = Release|iPhone
		{803AD4C0-2926-4CBC-BF7D-1791DB63282A}.Release|x86.ActiveCfg = Release|iPhone
		{803AD4C0-2926-4CBC-BF7D-1791DB63282A}.Release|x86.Build.0 = Release|iPhone
		{803AD4C0-2926-4CBC-BF7D-1791DB63282A}.Release|x86.Deploy.0 = Release|iPhone
	EndGlobalSection
	GlobalSection(SolutionProperties) = preSolution
		HideSolutionNode = FALSE
	EndGlobalSection
EndGlobal
